// !$*UTF8*$!
{
	archiveVersion = 1;
	classes = {
	};
	objectVersion = 48;
	objects = {

/* Begin PBXBuildFile section */
		D7C238911F90342400179D1B /* AppDelegate.swift in Sources */ = {isa = PBXBuildFile; fileRef = D7C238901F90342400179D1B /* AppDelegate.swift */; };
		D7C238931F90342400179D1B /* ColorPresenterVC.swift in Sources */ = {isa = PBXBuildFile; fileRef = D7C238921F90342400179D1B /* ColorPresenterVC.swift */; };
		D7C238961F90342400179D1B /* Main.storyboard in Resources */ = {isa = PBXBuildFile; fileRef = D7C238941F90342400179D1B /* Main.storyboard */; };
		D7C238981F90342400179D1B /* Assets.xcassets in Resources */ = {isa = PBXBuildFile; fileRef = D7C238971F90342400179D1B /* Assets.xcassets */; };
		D7C2389B1F90342400179D1B /* LaunchScreen.storyboard in Resources */ = {isa = PBXBuildFile; fileRef = D7C238991F90342400179D1B /* LaunchScreen.storyboard */; };
		D7C238A51F903A7400179D1B /* ColorPickerVC.swift in Sources */ = {isa = PBXBuildFile; fileRef = D7C238A41F903A7400179D1B /* ColorPickerVC.swift */; };
/* End PBXBuildFile section */

/* Begin PBXFileReference section */
		D7C2388D1F90342400179D1B /* ColorMagic.app */ = {isa = PBXFileReference; explicitFileType = wrapper.application; includeInIndex = 0; path = ColorMagic.app; sourceTree = BUILT_PRODUCTS_DIR; };
		D7C238901F90342400179D1B /* AppDelegate.swift */ = {isa = PBXFileReference; lastKnownFileType = sourcecode.swift; path = AppDelegate.swift; sourceTree = "<group>"; };
		D7C238921F90342400179D1B /* ColorPresenterVC.swift */ = {isa = PBXFileReference; lastKnownFileType = sourcecode.swift; path = ColorPresenterVC.swift; sourceTree = "<group>"; };
		D7C238951F90342400179D1B /* Base */ = {isa = PBXFileReference; lastKnownFileType = file.storyboard; name = Base; path = Base.lproj/Main.storyboard; sourceTree = "<group>"; };
		D7C238971F90342400179D1B /* Assets.xcassets */ = {isa = PBXFileReference; lastKnownFileType = folder.assetcatalog; path = Assets.xcassets; sourceTree = "<group>"; };
		D7C2389A1F90342400179D1B /* Base */ = {isa = PBXFileReference; lastKnownFileType = file.storyboard; name = Base; path = Base.lproj/LaunchScreen.storyboard; sourceTree = "<group>"; };
		D7C2389C1F90342400179D1B /* Info.plist */ = {isa = PBXFileReference; lastKnownFileType = text.plist.xml; path = Info.plist; sourceTree = "<group>"; };
		D7C238A41F903A7400179D1B /* ColorPickerVC.swift */ = {isa = PBXFileReference; lastKnownFileType = sourcecode.swift; path = ColorPickerVC.swift; sourceTree = "<group>"; };
/* End PBXFileReference section */

/* Begin PBXFrameworksBuildPhase section */
		D7C2388A1F90342400179D1B /* Frameworks */ = {
			isa = PBXFrameworksBuildPhase;
			buildActionMask = 2147483647;
			files = (
			);
			runOnlyForDeploymentPostprocessing = 0;
		};
/* End PBXFrameworksBuildPhase section */

/* Begin PBXGroup section */
		D7C238841F90342400179D1B = {
			isa = PBXGroup;
			children = (
				D7C2388F1F90342400179D1B /* ColorMagic */,
				D7C2388E1F90342400179D1B /* Products */,
			);
			sourceTree = "<group>";
		};
		D7C2388E1F90342400179D1B /* Products */ = {
			isa = PBXGroup;
			children = (
				D7C2388D1F90342400179D1B /* ColorMagic.app */,
			);
			name = Products;
			sourceTree = "<group>";
		};
		D7C2388F1F90342400179D1B /* ColorMagic */ = {
			isa = PBXGroup;
			children = (
				D7C238901F90342400179D1B /* AppDelegate.swift */,
				D7C238921F90342400179D1B /* ColorPresenterVC.swift */,
				D7C238941F90342400179D1B /* Main.storyboard */,
				D7C238971F90342400179D1B /* Assets.xcassets */,
				D7C238991F90342400179D1B /* LaunchScreen.storyboard */,
				D7C2389C1F90342400179D1B /* Info.plist */,
				D7C238A41F903A7400179D1B /* ColorPickerVC.swift */,
			);
			path = ColorMagic;
			sourceTree = "<group>";
		};
/* End PBXGroup section */

/* Begin PBXNativeTarget section */
		D7C2388C1F90342400179D1B /* ColorMagic */ = {
			isa = PBXNativeTarget;
			buildConfigurationList = D7C2389F1F90342400179D1B /* Build configuration list for PBXNativeTarget "ColorMagic" */;
			buildPhases = (
				D7C238891F90342400179D1B /* Sources */,
				D7C2388A1F90342400179D1B /* Frameworks */,
				D7C2388B1F90342400179D1B /* Resources */,
			);
			buildRules = (
			);
			dependencies = (
			);
			name = ColorMagic;
			productName = ColorMagic;
			productReference = D7C2388D1F90342400179D1B /* ColorMagic.app */;
			productType = "com.apple.product-type.application";
		};
/* End PBXNativeTarget section */

/* Begin PBXProject section */
		D7C238851F90342400179D1B /* Project object */ = {
			isa = PBXProject;
			attributes = {
				LastSwiftUpdateCheck = 0900;
				LastUpgradeCheck = 0900;
				ORGANIZATIONNAME = "Luke Nguyen";
				TargetAttributes = {
					D7C2388C1F90342400179D1B = {
						CreatedOnToolsVersion = 9.0;
						ProvisioningStyle = Automatic;
					};
				};
			};
			buildConfigurationList = D7C238881F90342400179D1B /* Build configuration list for PBXProject "ColorMagic" */;
			compatibilityVersion = "Xcode 8.0";
			developmentRegion = en;
			hasScannedForEncodings = 0;
			knownRegions = (
				en,
				Base,
			);
			mainGroup = D7C238841F90342400179D1B;
			productRefGroup = D7C2388E1F90342400179D1B /* Products */;
			projectDirPath = "";
			projectRoot = "";
			targets = (
				D7C2388C1F90342400179D1B /* ColorMagic */,
			);
		};
/* End PBXProject section */

/* Begin PBXResourcesBuildPhase section */
		D7C2388B1F90342400179D1B /* Resources */ = {
			isa = PBXResourcesBuildPhase;
			buildActionMask = 2147483647;
			files = (
				D7C2389B1F90342400179D1B /* LaunchScreen.storyboard in Resources */,
				D7C238981F90342400179D1B /* Assets.xcassets in Resources */,
				D7C238961F90342400179D1B /* Main.storyboard in Resources */,
			);
			runOnlyForDeploymentPostprocessing = 0;
		};
/* End PBXResourcesBuildPhase section */

/* Begin PBXSourcesBuildPhase section */
		D7C238891F90342400179D1B /* Sources */ = {
			isa = PBXSourcesBuildPhase;
			buildActionMask = 2147483647;
			files = (
				D7C238931F90342400179D1B /* ColorPresenterVC.swift in Sources */,
				D7C238911F90342400179D1B /* AppDelegate.swift in Sources */,
				D7C238A51F903A7400179D1B /* ColorPickerVC.swift in Sources */,
			);
			runOnlyForDeploymentPostprocessing = 0;
		};
/* End PBXSourcesBuildPhase section */

/* Begin PBXVariantGroup section */
		D7C238941F90342400179D1B /* Main.storyboard */ = {
			isa = PBXVariantGroup;
			children = (
				D7C238951F90342400179D1B /* Base */,
			);
			name = Main.storyboard;
			sourceTree = "<group>";
		};
		D7C238991F90342400179D1B /* LaunchScreen.storyboard */ = {
			isa = PBXVariantGroup;
			children = (
				D7C2389A1F90342400179D1B /* Base */,
			);
			name = LaunchScreen.storyboard;
			sourceTree = "<group>";
		};
/* End PBXVariantGroup section */

/* Begin XCBuildConfiguration section */
		D7C2389D1F90342400179D1B /* Debug */ = {
			isa = XCBuildConfiguration;
			buildSettings = {
				ALWAYS_SEARCH_USER_PATHS = NO;
				CLANG_ANALYZER_NONNULL = YES;
				CLANG_ANALYZER_NUMBER_OBJECT_CONVERSION = YES_AGGRESSIVE;
				CLANG_CXX_LANGUAGE_STANDARD = "gnu++14";
				CLANG_CXX_LIBRARY = "libc++";
				CLANG_ENABLE_MODULES = YES;
				CLANG_ENABLE_OBJC_ARC = YES;
				CLANG_WARN_BLOCK_CAPTURE_AUTORELEASING = YES;
				CLANG_WARN_BOOL_CONVERSION = YES;
				CLANG_WARN_COMMA = YES;
				CLANG_WARN_CONSTANT_CONVERSION = YES;
				CLANG_WARN_DIRECT_OBJC_ISA_USAGE = YES_ERROR;
				CLANG_WARN_DOCUMENTATION_COMMENTS = YES;
				CLANG_WARN_EMPTY_BODY = YES;
				CLANG_WARN_ENUM_CONVERSION = YES;
				CLANG_WARN_INFINITE_RECURSION = YES;
				CLANG_WARN_INT_CONVERSION = YES;
				CLANG_WARN_NON_LITERAL_NULL_CONVERSION = YES;
				CLANG_WARN_OBJC_LITERAL_CONVERSION = YES;
				CLANG_WARN_OBJC_ROOT_CLASS = YES_ERROR;
				CLANG_WARN_RANGE_LOOP_ANALYSIS = YES;
				CLANG_WARN_STRICT_PROTOTYPES = YES;
				CLANG_WARN_SUSPICIOUS_MOVE = YES;
				CLANG_WARN_UNGUARDED_AVAILABILITY = YES_AGGRESSIVE;
				CLANG_WARN_UNREACHABLE_CODE = YES;
				CLANG_WARN__DUPLICATE_METHOD_MATCH = YES;
				CODE_SIGN_IDENTITY = "iPhone Developer";
				COPY_PHASE_STRIP = NO;
				DEBUG_INFORMATION_FORMAT = dwarf;
				ENABLE_STRICT_OBJC_MSGSEND = YES;
				ENABLE_TESTABILITY = YES;
				GCC_C_LANGUAGE_STANDARD = gnu11;
				GCC_DYNAMIC_NO_PIC = NO;
				GCC_NO_COMMON_BLOCKS = YES;
				GCC_OPTIMIZATION_LEVEL = 0;
				GCC_PREPROCESSOR_DEFINITIONS = (
					"DEBUG=1",
					"$(inherited)",
				);
				GCC_WARN_64_TO_32_BIT_CONVERSION = YES;
				GCC_WARN_ABOUT_RETURN_TYPE = YES_ERROR;
				GCC_WARN_UNDECLARED_SELECTOR = YES;
				GCC_WARN_UNINITIALIZED_AUTOS = YES_AGGRESSIVE;
				GCC_WARN_UNUSED_FUNCTION = YES;
				GCC_WARN_UNUSED_VARIABLE = YES;
				IPHONEOS_DEPLOYMENT_TARGET = 11.0;
				MTL_ENABLE_DEBUG_INFO = YES;
				ONLY_ACTIVE_ARCH = YES;
				SDKROOT = iphoneos;
				SWIFT_ACTIVE_COMPILATION_CONDITIONS = DEBUG;
				SWIFT_OPTIMIZATION_LEVEL = "-Onone";
			};
			name = Debug;
		};
		D7C2389E1F90342400179D1B /* Release */ = {
			isa = XCBuildConfiguration;
			buildSettings = {
				ALWAYS_SEARCH_USER_PATHS = NO;
				CLANG_ANALYZER_NONNULL = YES;
				CLANG_ANALYZER_NUMBER_OBJECT_CONVERSION = YES_AGGRESSIVE;
				CLANG_CXX_LANGUAGE_STANDARD = "gnu++14";
				CLANG_CXX_LIBRARY = "libc++";
				CLANG_ENABLE_MODULES = YES;
				CLANG_ENABLE_OBJC_ARC = YES;
				CLANG_WARN_BLOCK_CAPTURE_AUTORELEASING = YES;
				CLANG_WARN_BOOL_CONVERSION = YES;
				CLANG_WARN_COMMA = YES;
				CLANG_WARN_CONSTANT_CONVERSION = YES;
				CLANG_WARN_DIRECT_OBJC_ISA_USAGE = YES_ERROR;
				CLANG_WARN_DOCUMENTATION_COMMENTS = YES;
				CLANG_WARN_EMPTY_BODY = YES;
				CLANG_WARN_ENUM_CONVERSION = YES;
				CLANG_WARN_INFINITE_RECURSION = YES;
				CLANG_WARN_INT_CONVERSION = YES;
				CLANG_WARN_NON_LITERAL_NULL_CONVERSION = YES;
				CLANG_WARN_OBJC_LITERAL_CONVERSION = YES;
				CLANG_WARN_OBJC_ROOT_CLASS = YES_ERROR;
				CLANG_WARN_RANGE_LOOP_ANALYSIS = YES;
				CLANG_WARN_STRICT_PROTOTYPES = YES;
				CLANG_WARN_SUSPICIOUS_MOVE = YES;
				CLANG_WARN_UNGUARDED_AVAILABILITY = YES_AGGRESSIVE;
				CLANG_WARN_UNREACHABLE_CODE = YES;
				CLANG_WARN__DUPLICATE_METHOD_MATCH = YES;
				CODE_SIGN_IDENTITY = "iPhone Developer";
				COPY_PHASE_STRIP = NO;
				DEBUG_INFORMATION_FORMAT = "dwarf-with-dsym";
				ENABLE_NS_ASSERTIONS = NO;
				ENABLE_STRICT_OBJC_MSGSEND = YES;
				GCC_C_LANGUAGE_STANDARD = gnu11;
				GCC_NO_COMMON_BLOCKS = YES;
				GCC_WARN_64_TO_32_BIT_CONVERSION = YES;
				GCC_WARN_ABOUT_RETURN_TYPE = YES_ERROR;
				GCC_WARN_UNDECLARED_SELECTOR = YES;
				GCC_WARN_UNINITIALIZED_AUTOS = YES_AGGRESSIVE;
				GCC_WARN_UNUSED_FUNCTION = YES;
				GCC_WARN_UNUSED_VARIABLE = YES;
				IPHONEOS_DEPLOYMENT_TARGET = 11.0;
				MTL_ENABLE_DEBUG_INFO = NO;
				SDKROOT = iphoneos;
				SWIFT_OPTIMIZATION_LEVEL = "-Owholemodule";
				VALIDATE_PRODUCT = YES;
			};
			name = Release;
		};
		D7C238A01F90342400179D1B /* Debug */ = {
			isa = XCBuildConfiguration;
			buildSettings = {
				ASSETCATALOG_COMPILER_APPICON_NAME = AppIcon;
				CODE_SIGN_STYLE = Automatic;
				DEVELOPMENT_TEAM = GLFPT87RBA;
				INFOPLIST_FILE = ColorMagic/Info.plist;
				LD_RUNPATH_SEARCH_PATHS = "$(inherited) @executable_path/Frameworks";
				PRODUCT_BUNDLE_IDENTIFIER = com.luvunu.ColorMagic;
				PRODUCT_NAME = "$(TARGET_NAME)";
				SWIFT_VERSION = 4.0;
				TARGETED_DEVICE_FAMILY = "1,2";
			};
			name = Debug;
		};
		D7C238A11F90342400179D1B /* Release */ = {
			isa = XCBuildConfiguration;
			buildSettings = {
				ASSETCATALOG_COMPILER_APPICON_NAME = AppIcon;
				CODE_SIGN_STYLE = Automatic;
				DEVELOPMENT_TEAM = GLFPT87RBA;
				INFOPLIST_FILE = ColorMagic/Info.plist;
				LD_RUNPATH_SEARCH_PATHS = "$(inherited) @executable_path/Frameworks";
				PRODUCT_BUNDLE_IDENTIFIER = com.luvunu.ColorMagic;
				PRODUCT_NAME = "$(TARGET_NAME)";
				SWIFT_VERSION = 4.0;
				TARGETED_DEVICE_FAMILY = "1,2";
			};
			name = Release;
		};
/* End XCBuildConfiguration section */

/* Begin XCConfigurationList section */
		D7C238881F90342400179D1B /* Build configuration list for PBXProject "ColorMagic" */ = {
			isa = XCConfigurationList;
			buildConfigurations = (
				D7C2389D1F90342400179D1B /* Debug */,
				D7C2389E1F90342400179D1B /* Release */,
			);
			defaultConfigurationIsVisible = 0;
			defaultConfigurationName = Release;
		};
		D7C2389F1F90342400179D1B /* Build configuration list for PBXNativeTarget "ColorMagic" */ = {
			isa = XCConfigurationList;
			buildConfigurations = (
				D7C238A01F90342400179D1B /* Debug */,
				D7C238A11F90342400179D1B /* Release */,
			);
			defaultConfigurationIsVisible = 0;
			defaultConfigurationName = Release;
		};
/* End XCConfigurationList section */
	};
	rootObject = D7C238851F90342400179D1B /* Project object */;
}
